// !$*UTF8*$!
{
	archiveVersion = 1;
	classes = {
	};
	objectVersion = 48;
	objects = {

/* Begin PBXBuildFile section */
		1898432420E9DD2B00211B38 /* GoogleService-Info.plist in Resources */ = {isa = PBXBuildFile; fileRef = 1898432320E9DD2B00211B38 /* GoogleService-Info.plist */; };
		220806D54B82606B9690C321 /* Pods_FirebaseProjUITests.framework in Frameworks */ = {isa = PBXBuildFile; fileRef = 94913F56869754D18BE12CA2 /* Pods_FirebaseProjUITests.framework */; };
		41AF1890B8D1DEF60BA33B74 /* Pods_FirebaseProjTests.framework in Frameworks */ = {isa = PBXBuildFile; fileRef = 9D127E9CC24FB0301B2AD32A /* Pods_FirebaseProjTests.framework */; };
		B826D252203193C00037C83B /* AppDelegate.swift in Sources */ = {isa = PBXBuildFile; fileRef = B826D251203193C00037C83B /* AppDelegate.swift */; };
		B826D254203193C00037C83B /* ViewController.swift in Sources */ = {isa = PBXBuildFile; fileRef = B826D253203193C00037C83B /* ViewController.swift */; };
		B826D257203193C00037C83B /* Main.storyboard in Resources */ = {isa = PBXBuildFile; fileRef = B826D255203193C00037C83B /* Main.storyboard */; };
		B826D259203193C00037C83B /* Assets.xcassets in Resources */ = {isa = PBXBuildFile; fileRef = B826D258203193C00037C83B /* Assets.xcassets */; };
		B826D25C203193C00037C83B /* LaunchScreen.storyboard in Resources */ = {isa = PBXBuildFile; fileRef = B826D25A203193C00037C83B /* LaunchScreen.storyboard */; };
		B826D267203193C00037C83B /* FirebaseProjTests.swift in Sources */ = {isa = PBXBuildFile; fileRef = B826D266203193C00037C83B /* FirebaseProjTests.swift */; };
		B826D272203193C00037C83B /* FirebaseProjUITests.swift in Sources */ = {isa = PBXBuildFile; fileRef = B826D271203193C00037C83B /* FirebaseProjUITests.swift */; };
		B85697422031A14500083BDC /* ArtistModel.swift in Sources */ = {isa = PBXBuildFile; fileRef = B85697412031A14500083BDC /* ArtistModel.swift */; };
		FDF8110B9B29050072953E45 /* Pods_FirebaseProj.framework in Frameworks */ = {isa = PBXBuildFile; fileRef = 59EE044D83AEC441AD3AFE72 /* Pods_FirebaseProj.framework */; };
/* End PBXBuildFile section */

/* Begin PBXContainerItemProxy section */
		B826D263203193C00037C83B /* PBXContainerItemProxy */ = {
			isa = PBXContainerItemProxy;
			containerPortal = B826D246203193C00037C83B /* Project object */;
			proxyType = 1;
			remoteGlobalIDString = B826D24D203193C00037C83B;
			remoteInfo = FirebaseProj;
		};
		B826D26E203193C00037C83B /* PBXContainerItemProxy */ = {
			isa = PBXContainerItemProxy;
			containerPortal = B826D246203193C00037C83B /* Project object */;
			proxyType = 1;
			remoteGlobalIDString = B826D24D203193C00037C83B;
			remoteInfo = FirebaseProj;
		};
/* End PBXContainerItemProxy section */

/* Begin PBXFileReference section */
		1898432320E9DD2B00211B38 /* GoogleService-Info.plist */ = {isa = PBXFileReference; fileEncoding = 4; lastKnownFileType = text.plist.xml; path = "GoogleService-Info.plist"; sourceTree = "<group>"; };
		59EE044D83AEC441AD3AFE72 /* Pods_FirebaseProj.framework */ = {isa = PBXFileReference; explicitFileType = wrapper.framework; includeInIndex = 0; path = Pods_FirebaseProj.framework; sourceTree = BUILT_PRODUCTS_DIR; };
		7C459397432532A4912C6C32 /* Pods-FirebaseProj.debug.xcconfig */ = {isa = PBXFileReference; includeInIndex = 1; lastKnownFileType = text.xcconfig; name = "Pods-FirebaseProj.debug.xcconfig"; path = "Pods/Target Support Files/Pods-FirebaseProj/Pods-FirebaseProj.debug.xcconfig"; sourceTree = "<group>"; };
		82C7D8B6D70E6E34871537EF /* Pods-FirebaseProjUITests.debug.xcconfig */ = {isa = PBXFileReference; includeInIndex = 1; lastKnownFileType = text.xcconfig; name = "Pods-FirebaseProjUITests.debug.xcconfig"; path = "Pods/Target Support Files/Pods-FirebaseProjUITests/Pods-FirebaseProjUITests.debug.xcconfig"; sourceTree = "<group>"; };
		94913F56869754D18BE12CA2 /* Pods_FirebaseProjUITests.framework */ = {isa = PBXFileReference; explicitFileType = wrapper.framework; includeInIndex = 0; path = Pods_FirebaseProjUITests.framework; sourceTree = BUILT_PRODUCTS_DIR; };
		9D127E9CC24FB0301B2AD32A /* Pods_FirebaseProjTests.framework */ = {isa = PBXFileReference; explicitFileType = wrapper.framework; includeInIndex = 0; path = Pods_FirebaseProjTests.framework; sourceTree = BUILT_PRODUCTS_DIR; };
		B826D24E203193C00037C83B /* FirebaseProj.app */ = {isa = PBXFileReference; explicitFileType = wrapper.application; includeInIndex = 0; path = FirebaseProj.app; sourceTree = BUILT_PRODUCTS_DIR; };
		B826D251203193C00037C83B /* AppDelegate.swift */ = {isa = PBXFileReference; lastKnownFileType = sourcecode.swift; path = AppDelegate.swift; sourceTree = "<group>"; };
		B826D253203193C00037C83B /* ViewController.swift */ = {isa = PBXFileReference; lastKnownFileType = sourcecode.swift; path = ViewController.swift; sourceTree = "<group>"; };
		B826D256203193C00037C83B /* Base */ = {isa = PBXFileReference; lastKnownFileType = file.storyboard; name = Base; path = Base.lproj/Main.storyboard; sourceTree = "<group>"; };
		B826D258203193C00037C83B /* Assets.xcassets */ = {isa = PBXFileReference; lastKnownFileType = folder.assetcatalog; path = Assets.xcassets; sourceTree = "<group>"; };
		B826D25B203193C00037C83B /* Base */ = {isa = PBXFileReference; lastKnownFileType = file.storyboard; name = Base; path = Base.lproj/LaunchScreen.storyboard; sourceTree = "<group>"; };
		B826D25D203193C00037C83B /* Info.plist */ = {isa = PBXFileReference; lastKnownFileType = text.plist.xml; path = Info.plist; sourceTree = "<group>"; };
		B826D262203193C00037C83B /* FirebaseProjTests.xctest */ = {isa = PBXFileReference; explicitFileType = wrapper.cfbundle; includeInIndex = 0; path = FirebaseProjTests.xctest; sourceTree = BUILT_PRODUCTS_DIR; };
		B826D266203193C00037C83B /* FirebaseProjTests.swift */ = {isa = PBXFileReference; lastKnownFileType = sourcecode.swift; path = FirebaseProjTests.swift; sourceTree = "<group>"; };
		B826D268203193C00037C83B /* Info.plist */ = {isa = PBXFileReference; lastKnownFileType = text.plist.xml; path = Info.plist; sourceTree = "<group>"; };
		B826D26D203193C00037C83B /* FirebaseProjUITests.xctest */ = {isa = PBXFileReference; explicitFileType = wrapper.cfbundle; includeInIndex = 0; path = FirebaseProjUITests.xctest; sourceTree = BUILT_PRODUCTS_DIR; };
		B826D271203193C00037C83B /* FirebaseProjUITests.swift */ = {isa = PBXFileReference; lastKnownFileType = sourcecode.swift; path = FirebaseProjUITests.swift; sourceTree = "<group>"; };
		B826D273203193C00037C83B /* Info.plist */ = {isa = PBXFileReference; lastKnownFileType = text.plist.xml; path = Info.plist; sourceTree = "<group>"; };
		B85697412031A14500083BDC /* ArtistModel.swift */ = {isa = PBXFileReference; lastKnownFileType = sourcecode.swift; path = ArtistModel.swift; sourceTree = "<group>"; };
		CAE6852E0DB5A693FB1A0FF1 /* Pods-FirebaseProj.release.xcconfig */ = {isa = PBXFileReference; includeInIndex = 1; lastKnownFileType = text.xcconfig; name = "Pods-FirebaseProj.release.xcconfig"; path = "Pods/Target Support Files/Pods-FirebaseProj/Pods-FirebaseProj.release.xcconfig"; sourceTree = "<group>"; };
		CF649BC435B9734CD582D3DE /* Pods-FirebaseProjUITests.release.xcconfig */ = {isa = PBXFileReference; includeInIndex = 1; lastKnownFileType = text.xcconfig; name = "Pods-FirebaseProjUITests.release.xcconfig"; path = "Pods/Target Support Files/Pods-FirebaseProjUITests/Pods-FirebaseProjUITests.release.xcconfig"; sourceTree = "<group>"; };
		E8CE649EEC5866439BCE88A8 /* Pods-FirebaseProjTests.debug.xcconfig */ = {isa = PBXFileReference; includeInIndex = 1; lastKnownFileType = text.xcconfig; name = "Pods-FirebaseProjTests.debug.xcconfig"; path = "Pods/Target Support Files/Pods-FirebaseProjTests/Pods-FirebaseProjTests.debug.xcconfig"; sourceTree = "<group>"; };
		F29F809729A332F410576990 /* Pods-FirebaseProjTests.release.xcconfig */ = {isa = PBXFileReference; includeInIndex = 1; lastKnownFileType = text.xcconfig; name = "Pods-FirebaseProjTests.release.xcconfig"; path = "Pods/Target Support Files/Pods-FirebaseProjTests/Pods-FirebaseProjTests.release.xcconfig"; sourceTree = "<group>"; };
/* End PBXFileReference section */

/* Begin PBXFrameworksBuildPhase section */
		B826D24B203193C00037C83B /* Frameworks */ = {
			isa = PBXFrameworksBuildPhase;
			buildActionMask = 2147483647;
			files = (
				FDF8110B9B29050072953E45 /* Pods_FirebaseProj.framework in Frameworks */,
			);
			runOnlyForDeploymentPostprocessing = 0;
		};
		B826D25F203193C00037C83B /* Frameworks */ = {
			isa = PBXFrameworksBuildPhase;
			buildActionMask = 2147483647;
			files = (
				41AF1890B8D1DEF60BA33B74 /* Pods_FirebaseProjTests.framework in Frameworks */,
			);
			runOnlyForDeploymentPostprocessing = 0;
		};
		B826D26A203193C00037C83B /* Frameworks */ = {
			isa = PBXFrameworksBuildPhase;
			buildActionMask = 2147483647;
			files = (
				220806D54B82606B9690C321 /* Pods_FirebaseProjUITests.framework in Frameworks */,
			);
			runOnlyForDeploymentPostprocessing = 0;
		};
/* End PBXFrameworksBuildPhase section */

/* Begin PBXGroup section */
		5159C561902AE47449D2496D /* Pods */ = {
			isa = PBXGroup;
			children = (
				7C459397432532A4912C6C32 /* Pods-FirebaseProj.debug.xcconfig */,
				CAE6852E0DB5A693FB1A0FF1 /* Pods-FirebaseProj.release.xcconfig */,
				E8CE649EEC5866439BCE88A8 /* Pods-FirebaseProjTests.debug.xcconfig */,
				F29F809729A332F410576990 /* Pods-FirebaseProjTests.release.xcconfig */,
				82C7D8B6D70E6E34871537EF /* Pods-FirebaseProjUITests.debug.xcconfig */,
				CF649BC435B9734CD582D3DE /* Pods-FirebaseProjUITests.release.xcconfig */,
			);
			name = Pods;
			sourceTree = "<group>";
		};
		B826D245203193C00037C83B = {
			isa = PBXGroup;
			children = (
				B826D250203193C00037C83B /* FirebaseProj */,
				B826D265203193C00037C83B /* FirebaseProjTests */,
				B826D270203193C00037C83B /* FirebaseProjUITests */,
				B826D24F203193C00037C83B /* Products */,
				5159C561902AE47449D2496D /* Pods */,
				D8085860ED3F2043EA997D89 /* Frameworks */,
			);
			sourceTree = "<group>";
		};
		B826D24F203193C00037C83B /* Products */ = {
			isa = PBXGroup;
			children = (
				B826D24E203193C00037C83B /* FirebaseProj.app */,
				B826D262203193C00037C83B /* FirebaseProjTests.xctest */,
				B826D26D203193C00037C83B /* FirebaseProjUITests.xctest */,
			);
			name = Products;
			sourceTree = "<group>";
		};
		B826D250203193C00037C83B /* FirebaseProj */ = {
			isa = PBXGroup;
			children = (
				B826D251203193C00037C83B /* AppDelegate.swift */,
				B826D255203193C00037C83B /* Main.storyboard */,
				B85697432031A14900083BDC /* Model */,
				B85697442031A14F00083BDC /* View */,
				B85697452031A15500083BDC /* Controller */,
				B826D258203193C00037C83B /* Assets.xcassets */,
				B826D25A203193C00037C83B /* LaunchScreen.storyboard */,
				1898432320E9DD2B00211B38 /* GoogleService-Info.plist */,
				B826D25D203193C00037C83B /* Info.plist */,
			);
			path = FirebaseProj;
			sourceTree = "<group>";
		};
		B826D265203193C00037C83B /* FirebaseProjTests */ = {
			isa = PBXGroup;
			children = (
				B826D266203193C00037C83B /* FirebaseProjTests.swift */,
				B826D268203193C00037C83B /* Info.plist */,
			);
			path = FirebaseProjTests;
			sourceTree = "<group>";
		};
		B826D270203193C00037C83B /* FirebaseProjUITests */ = {
			isa = PBXGroup;
			children = (
				B826D271203193C00037C83B /* FirebaseProjUITests.swift */,
				B826D273203193C00037C83B /* Info.plist */,
			);
			path = FirebaseProjUITests;
			sourceTree = "<group>";
		};
		B85697432031A14900083BDC /* Model */ = {
			isa = PBXGroup;
			children = (
				B85697412031A14500083BDC /* ArtistModel.swift */,
			);
			path = Model;
			sourceTree = "<group>";
		};
		B85697442031A14F00083BDC /* View */ = {
			isa = PBXGroup;
			children = (
			);
			path = View;
			sourceTree = "<group>";
		};
		B85697452031A15500083BDC /* Controller */ = {
			isa = PBXGroup;
			children = (
				B826D253203193C00037C83B /* ViewController.swift */,
			);
			path = Controller;
			sourceTree = "<group>";
		};
		D8085860ED3F2043EA997D89 /* Frameworks */ = {
			isa = PBXGroup;
			children = (
				59EE044D83AEC441AD3AFE72 /* Pods_FirebaseProj.framework */,
				9D127E9CC24FB0301B2AD32A /* Pods_FirebaseProjTests.framework */,
				94913F56869754D18BE12CA2 /* Pods_FirebaseProjUITests.framework */,
			);
			name = Frameworks;
			sourceTree = "<group>";
		};
/* End PBXGroup section */

/* Begin PBXNativeTarget section */
		B826D24D203193C00037C83B /* FirebaseProj */ = {
			isa = PBXNativeTarget;
			buildConfigurationList = B826D276203193C00037C83B /* Build configuration list for PBXNativeTarget "FirebaseProj" */;
			buildPhases = (
				2E5C979C66964F50AAC74767 /* [CP] Check Pods Manifest.lock */,
				B826D24A203193C00037C83B /* Sources */,
				B826D24B203193C00037C83B /* Frameworks */,
				B826D24C203193C00037C83B /* Resources */,
				9749C4A227C02ABF0084DA1E /* [CP] Embed Pods Frameworks */,
				3B3EDC95385C1F9B1201A028 /* [CP] Copy Pods Resources */,
			);
			buildRules = (
			);
			dependencies = (
			);
			name = FirebaseProj;
			productName = FirebaseProj;
			productReference = B826D24E203193C00037C83B /* FirebaseProj.app */;
			productType = "com.apple.product-type.application";
		};
		B826D261203193C00037C83B /* FirebaseProjTests */ = {
			isa = PBXNativeTarget;
			buildConfigurationList = B826D279203193C00037C83B /* Build configuration list for PBXNativeTarget "FirebaseProjTests" */;
			buildPhases = (
				C7154192BE959AAC7A32D200 /* [CP] Check Pods Manifest.lock */,
				B826D25E203193C00037C83B /* Sources */,
				B826D25F203193C00037C83B /* Frameworks */,
				B826D260203193C00037C83B /* Resources */,
				B757C817F26C38D39F624317 /* [CP] Embed Pods Frameworks */,
				4A47EB84208922256F2B03DE /* [CP] Copy Pods Resources */,
			);
			buildRules = (
			);
			dependencies = (
				B826D264203193C00037C83B /* PBXTargetDependency */,
			);
			name = FirebaseProjTests;
			productName = FirebaseProjTests;
			productReference = B826D262203193C00037C83B /* FirebaseProjTests.xctest */;
			productType = "com.apple.product-type.bundle.unit-test";
		};
		B826D26C203193C00037C83B /* FirebaseProjUITests */ = {
			isa = PBXNativeTarget;
			buildConfigurationList = B826D27C203193C00037C83B /* Build configuration list for PBXNativeTarget "FirebaseProjUITests" */;
			buildPhases = (
				F3857D3D701C4F6094DA954C /* [CP] Check Pods Manifest.lock */,
				B826D269203193C00037C83B /* Sources */,
				B826D26A203193C00037C83B /* Frameworks */,
				B826D26B203193C00037C83B /* Resources */,
				AFE0348B48E5F6F0A9F1B04D /* [CP] Embed Pods Frameworks */,
				955E522B066F546D865A22E9 /* [CP] Copy Pods Resources */,
			);
			buildRules = (
			);
			dependencies = (
				B826D26F203193C00037C83B /* PBXTargetDependency */,
			);
			name = FirebaseProjUITests;
			productName = FirebaseProjUITests;
			productReference = B826D26D203193C00037C83B /* FirebaseProjUITests.xctest */;
			productType = "com.apple.product-type.bundle.ui-testing";
		};
/* End PBXNativeTarget section */

/* Begin PBXProject section */
		B826D246203193C00037C83B /* Project object */ = {
			isa = PBXProject;
			attributes = {
				LastSwiftUpdateCheck = 0920;
				LastUpgradeCheck = 0940;
				ORGANIZATIONNAME = LuyenBG;
				TargetAttributes = {
					B826D24D203193C00037C83B = {
						CreatedOnToolsVersion = 9.2;
						ProvisioningStyle = Automatic;
					};
					B826D261203193C00037C83B = {
						CreatedOnToolsVersion = 9.2;
						ProvisioningStyle = Automatic;
						TestTargetID = B826D24D203193C00037C83B;
					};
					B826D26C203193C00037C83B = {
						CreatedOnToolsVersion = 9.2;
						ProvisioningStyle = Automatic;
						TestTargetID = B826D24D203193C00037C83B;
					};
				};
			};
			buildConfigurationList = B826D249203193C00037C83B /* Build configuration list for PBXProject "FirebaseProj" */;
			compatibilityVersion = "Xcode 8.0";
			developmentRegion = en;
			hasScannedForEncodings = 0;
			knownRegions = (
				en,
				Base,
			);
			mainGroup = B826D245203193C00037C83B;
			productRefGroup = B826D24F203193C00037C83B /* Products */;
			projectDirPath = "";
			projectRoot = "";
			targets = (
				B826D24D203193C00037C83B /* FirebaseProj */,
				B826D261203193C00037C83B /* FirebaseProjTests */,
				B826D26C203193C00037C83B /* FirebaseProjUITests */,
			);
		};
/* End PBXProject section */

/* Begin PBXResourcesBuildPhase section */
		B826D24C203193C00037C83B /* Resources */ = {
			isa = PBXResourcesBuildPhase;
			buildActionMask = 2147483647;
			files = (
				B826D25C203193C00037C83B /* LaunchScreen.storyboard in Resources */,
				1898432420E9DD2B00211B38 /* GoogleService-Info.plist in Resources */,
				B826D259203193C00037C83B /* Assets.xcassets in Resources */,
				B826D257203193C00037C83B /* Main.storyboard in Resources */,
			);
			runOnlyForDeploymentPostprocessing = 0;
		};
		B826D260203193C00037C83B /* Resources */ = {
			isa = PBXResourcesBuildPhase;
			buildActionMask = 2147483647;
			files = (
			);
			runOnlyForDeploymentPostprocessing = 0;
		};
		B826D26B203193C00037C83B /* Resources */ = {
			isa = PBXResourcesBuildPhase;
			buildActionMask = 2147483647;
			files = (
			);
			runOnlyForDeploymentPostprocessing = 0;
		};
/* End PBXResourcesBuildPhase section */

/* Begin PBXShellScriptBuildPhase section */
		2E5C979C66964F50AAC74767 /* [CP] Check Pods Manifest.lock */ = {
			isa = PBXShellScriptBuildPhase;
			buildActionMask = 2147483647;
			files = (
			);
			inputPaths = (
				"${PODS_PODFILE_DIR_PATH}/Podfile.lock",
				"${PODS_ROOT}/Manifest.lock",
			);
			name = "[CP] Check Pods Manifest.lock";
			outputPaths = (
				"$(DERIVED_FILE_DIR)/Pods-FirebaseProj-checkManifestLockResult.txt",
			);
			runOnlyForDeploymentPostprocessing = 0;
			shellPath = /bin/sh;
			shellScript = "diff \"${PODS_PODFILE_DIR_PATH}/Podfile.lock\" \"${PODS_ROOT}/Manifest.lock\" > /dev/null\nif [ $? != 0 ] ; then\n    # print error to STDERR\n    echo \"error: The sandbox is not in sync with the Podfile.lock. Run 'pod install' or update your CocoaPods installation.\" >&2\n    exit 1\nfi\n# This output is used by Xcode 'outputs' to avoid re-running this script phase.\necho \"SUCCESS\" > \"${SCRIPT_OUTPUT_FILE_0}\"\n";
			showEnvVarsInLog = 0;
		};
		3B3EDC95385C1F9B1201A028 /* [CP] Copy Pods Resources */ = {
			isa = PBXShellScriptBuildPhase;
			buildActionMask = 2147483647;
			files = (
			);
			inputPaths = (
			);
			name = "[CP] Copy Pods Resources";
			outputPaths = (
			);
			runOnlyForDeploymentPostprocessing = 0;
			shellPath = /bin/sh;
			shellScript = "\"${SRCROOT}/Pods/Target Support Files/Pods-FirebaseProj/Pods-FirebaseProj-resources.sh\"\n";
			showEnvVarsInLog = 0;
		};
		4A47EB84208922256F2B03DE /* [CP] Copy Pods Resources */ = {
			isa = PBXShellScriptBuildPhase;
			buildActionMask = 2147483647;
			files = (
			);
			inputPaths = (
			);
			name = "[CP] Copy Pods Resources";
			outputPaths = (
			);
			runOnlyForDeploymentPostprocessing = 0;
			shellPath = /bin/sh;
			shellScript = "\"${SRCROOT}/Pods/Target Support Files/Pods-FirebaseProjTests/Pods-FirebaseProjTests-resources.sh\"\n";
			showEnvVarsInLog = 0;
		};
		955E522B066F546D865A22E9 /* [CP] Copy Pods Resources */ = {
			isa = PBXShellScriptBuildPhase;
			buildActionMask = 2147483647;
			files = (
			);
			inputPaths = (
			);
			name = "[CP] Copy Pods Resources";
			outputPaths = (
			);
			runOnlyForDeploymentPostprocessing = 0;
			shellPath = /bin/sh;
			shellScript = "\"${SRCROOT}/Pods/Target Support Files/Pods-FirebaseProjUITests/Pods-FirebaseProjUITests-resources.sh\"\n";
			showEnvVarsInLog = 0;
		};
		9749C4A227C02ABF0084DA1E /* [CP] Embed Pods Frameworks */ = {
			isa = PBXShellScriptBuildPhase;
			buildActionMask = 2147483647;
			files = (
			);
			inputPaths = (
				"${SRCROOT}/Pods/Target Support Files/Pods-FirebaseProj/Pods-FirebaseProj-frameworks.sh",
				"${BUILT_PRODUCTS_DIR}/GoogleToolboxForMac/GoogleToolboxForMac.framework",
				"${BUILT_PRODUCTS_DIR}/leveldb-library/leveldb.framework",
				"${BUILT_PRODUCTS_DIR}/nanopb/nanopb.framework",
			);
			name = "[CP] Embed Pods Frameworks";
			outputPaths = (
				"${TARGET_BUILD_DIR}/${FRAMEWORKS_FOLDER_PATH}/GoogleToolboxForMac.framework",
				"${TARGET_BUILD_DIR}/${FRAMEWORKS_FOLDER_PATH}/leveldb.framework",
				"${TARGET_BUILD_DIR}/${FRAMEWORKS_FOLDER_PATH}/nanopb.framework",
			);
			runOnlyForDeploymentPostprocessing = 0;
			shellPath = /bin/sh;
			shellScript = "\"${SRCROOT}/Pods/Target Support Files/Pods-FirebaseProj/Pods-FirebaseProj-frameworks.sh\"\n";
			showEnvVarsInLog = 0;
		};
		AFE0348B48E5F6F0A9F1B04D /* [CP] Embed Pods Frameworks */ = {
			isa = PBXShellScriptBuildPhase;
			buildActionMask = 2147483647;
			files = (
			);
			inputPaths = (
			);
			name = "[CP] Embed Pods Frameworks";
			outputPaths = (
			);
			runOnlyForDeploymentPostprocessing = 0;
			shellPath = /bin/sh;
			shellScript = "\"${SRCROOT}/Pods/Target Support Files/Pods-FirebaseProjUITests/Pods-FirebaseProjUITests-frameworks.sh\"\n";
			showEnvVarsInLog = 0;
		};
		B757C817F26C38D39F624317 /* [CP] Embed Pods Frameworks */ = {
			isa = PBXShellScriptBuildPhase;
			buildActionMask = 2147483647;
			files = (
			);
			inputPaths = (
			);
			name = "[CP] Embed Pods Frameworks";
			outputPaths = (
			);
			runOnlyForDeploymentPostprocessing = 0;
			shellPath = /bin/sh;
			shellScript = "\"${SRCROOT}/Pods/Target Support Files/Pods-FirebaseProjTests/Pods-FirebaseProjTests-frameworks.sh\"\n";
			showEnvVarsInLog = 0;
		};
		C7154192BE959AAC7A32D200 /* [CP] Check Pods Manifest.lock */ = {
			isa = PBXShellScriptBuildPhase;
			buildActionMask = 2147483647;
			files = (
			);
			inputPaths = (
				"${PODS_PODFILE_DIR_PATH}/Podfile.lock",
				"${PODS_ROOT}/Manifest.lock",
			);
			name = "[CP] Check Pods Manifest.lock";
			outputPaths = (
				"$(DERIVED_FILE_DIR)/Pods-FirebaseProjTests-checkManifestLockResult.txt",
			);
			runOnlyForDeploymentPostprocessing = 0;
			shellPath = /bin/sh;
			shellScript = "diff \"${PODS_PODFILE_DIR_PATH}/Podfile.lock\" \"${PODS_ROOT}/Manifest.lock\" > /dev/null\nif [ $? != 0 ] ; then\n    # print error to STDERR\n    echo \"error: The sandbox is not in sync with the Podfile.lock. Run 'pod install' or update your CocoaPods installation.\" >&2\n    exit 1\nfi\n# This output is used by Xcode 'outputs' to avoid re-running this script phase.\necho \"SUCCESS\" > \"${SCRIPT_OUTPUT_FILE_0}\"\n";
			showEnvVarsInLog = 0;
		};
		F3857D3D701C4F6094DA954C /* [CP] Check Pods Manifest.lock */ = {
			isa = PBXShellScriptBuildPhase;
			buildActionMask = 2147483647;
			files = (
			);
			inputPaths = (
				"${PODS_PODFILE_DIR_PATH}/Podfile.lock",
				"${PODS_ROOT}/Manifest.lock",
			);
			name = "[CP] Check Pods Manifest.lock";
			outputPaths = (
				"$(DERIVED_FILE_DIR)/Pods-FirebaseProjUITests-checkManifestLockResult.txt",
			);
			runOnlyForDeploymentPostprocessing = 0;
			shellPath = /bin/sh;
			shellScript = "diff \"${PODS_PODFILE_DIR_PATH}/Podfile.lock\" \"${PODS_ROOT}/Manifest.lock\" > /dev/null\nif [ $? != 0 ] ; then\n    # print error to STDERR\n    echo \"error: The sandbox is not in sync with the Podfile.lock. Run 'pod install' or update your CocoaPods installation.\" >&2\n    exit 1\nfi\n# This output is used by Xcode 'outputs' to avoid re-running this script phase.\necho \"SUCCESS\" > \"${SCRIPT_OUTPUT_FILE_0}\"\n";
			showEnvVarsInLog = 0;
		};
/* End PBXShellScriptBuildPhase section */

/* Begin PBXSourcesBuildPhase section */
		B826D24A203193C00037C83B /* Sources */ = {
			isa = PBXSourcesBuildPhase;
			buildActionMask = 2147483647;
			files = (
				B826D254203193C00037C83B /* ViewController.swift in Sources */,
				B85697422031A14500083BDC /* ArtistModel.swift in Sources */,
				B826D252203193C00037C83B /* AppDelegate.swift in Sources */,
			);
			runOnlyForDeploymentPostprocessing = 0;
		};
		B826D25E203193C00037C83B /* Sources */ = {
			isa = PBXSourcesBuildPhase;
			buildActionMask = 2147483647;
			files = (
				B826D267203193C00037C83B /* FirebaseProjTests.swift in Sources */,
			);
			runOnlyForDeploymentPostprocessing = 0;
		};
		B826D269203193C00037C83B /* Sources */ = {
			isa = PBXSourcesBuildPhase;
			buildActionMask = 2147483647;
			files = (
				B826D272203193C00037C83B /* FirebaseProjUITests.swift in Sources */,
			);
			runOnlyForDeploymentPostprocessing = 0;
		};
/* End PBXSourcesBuildPhase section */

/* Begin PBXTargetDependency section */
		B826D264203193C00037C83B /* PBXTargetDependency */ = {
			isa = PBXTargetDependency;
			target = B826D24D203193C00037C83B /* FirebaseProj */;
			targetProxy = B826D263203193C00037C83B /* PBXContainerItemProxy */;
		};
		B826D26F203193C00037C83B /* PBXTargetDependency */ = {
			isa = PBXTargetDependency;
			target = B826D24D203193C00037C83B /* FirebaseProj */;
			targetProxy = B826D26E203193C00037C83B /* PBXContainerItemProxy */;
		};
/* End PBXTargetDependency section */

/* Begin PBXVariantGroup section */
		B826D255203193C00037C83B /* Main.storyboard */ = {
			isa = PBXVariantGroup;
			children = (
				B826D256203193C00037C83B /* Base */,
			);
			name = Main.storyboard;
			sourceTree = "<group>";
		};
		B826D25A203193C00037C83B /* LaunchScreen.storyboard */ = {
			isa = PBXVariantGroup;
			children = (
				B826D25B203193C00037C83B /* Base */,
			);
			name = LaunchScreen.storyboard;
			sourceTree = "<group>";
		};
/* End PBXVariantGroup section */

/* Begin XCBuildConfiguration section */
		B826D274203193C00037C83B /* Debug */ = {
			isa = XCBuildConfiguration;
			buildSettings = {
				ALWAYS_SEARCH_USER_PATHS = NO;
				CLANG_ANALYZER_NONNULL = YES;
				CLANG_ANALYZER_NUMBER_OBJECT_CONVERSION = YES_AGGRESSIVE;
				CLANG_CXX_LANGUAGE_STANDARD = "gnu++14";
				CLANG_CXX_LIBRARY = "libc++";
				CLANG_ENABLE_MODULES = YES;
				CLANG_ENABLE_OBJC_ARC = YES;
				CLANG_WARN_BLOCK_CAPTURE_AUTORELEASING = YES;
				CLANG_WARN_BOOL_CONVERSION = YES;
				CLANG_WARN_COMMA = YES;
				CLANG_WARN_CONSTANT_CONVERSION = YES;
				CLANG_WARN_DEPRECATED_OBJC_IMPLEMENTATIONS = YES;
				CLANG_WARN_DIRECT_OBJC_ISA_USAGE = YES_ERROR;
				CLANG_WARN_DOCUMENTATION_COMMENTS = YES;
				CLANG_WARN_EMPTY_BODY = YES;
				CLANG_WARN_ENUM_CONVERSION = YES;
				CLANG_WARN_INFINITE_RECURSION = YES;
				CLANG_WARN_INT_CONVERSION = YES;
				CLANG_WARN_NON_LITERAL_NULL_CONVERSION = YES;
				CLANG_WARN_OBJC_IMPLICIT_RETAIN_SELF = YES;
				CLANG_WARN_OBJC_LITERAL_CONVERSION = YES;
				CLANG_WARN_OBJC_ROOT_CLASS = YES_ERROR;
				CLANG_WARN_RANGE_LOOP_ANALYSIS = YES;
				CLANG_WARN_STRICT_PROTOTYPES = YES;
				CLANG_WARN_SUSPICIOUS_MOVE = YES;
				CLANG_WARN_UNGUARDED_AVAILABILITY = YES_AGGRESSIVE;
				CLANG_WARN_UNREACHABLE_CODE = YES;
				CLANG_WARN__DUPLICATE_METHOD_MATCH = YES;
				CODE_SIGN_IDENTITY = "iPhone Developer";
				COPY_PHASE_STRIP = NO;
				DEBUG_INFORMATION_FORMAT = dwarf;
				ENABLE_STRICT_OBJC_MSGSEND = YES;
				ENABLE_TESTABILITY = YES;
				GCC_C_LANGUAGE_STANDARD = gnu11;
				GCC_DYNAMIC_NO_PIC = NO;
				GCC_NO_COMMON_BLOCKS = YES;
				GCC_OPTIMIZATION_LEVEL = 0;
				GCC_PREPROCESSOR_DEFINITIONS = (
					"DEBUG=1",
					"$(inherited)",
				);
				GCC_WARN_64_TO_32_BIT_CONVERSION = YES;
				GCC_WARN_ABOUT_RETURN_TYPE = YES_ERROR;
				GCC_WARN_UNDECLARED_SELECTOR = YES;
				GCC_WARN_UNINITIALIZED_AUTOS = YES_AGGRESSIVE;
				GCC_WARN_UNUSED_FUNCTION = YES;
				GCC_WARN_UNUSED_VARIABLE = YES;
				IPHONEOS_DEPLOYMENT_TARGET = 11.2;
				MTL_ENABLE_DEBUG_INFO = YES;
				ONLY_ACTIVE_ARCH = YES;
				SDKROOT = iphoneos;
				SWIFT_ACTIVE_COMPILATION_CONDITIONS = DEBUG;
				SWIFT_OPTIMIZATION_LEVEL = "-Onone";
			};
			name = Debug;
		};
		B826D275203193C00037C83B /* Release */ = {
			isa = XCBuildConfiguration;
			buildSettings = {
				ALWAYS_SEARCH_USER_PATHS = NO;
				CLANG_ANALYZER_NONNULL = YES;
				CLANG_ANALYZER_NUMBER_OBJECT_CONVERSION = YES_AGGRESSIVE;
				CLANG_CXX_LANGUAGE_STANDARD = "gnu++14";
				CLANG_CXX_LIBRARY = "libc++";
				CLANG_ENABLE_MODULES = YES;
				CLANG_ENABLE_OBJC_ARC = YES;
				CLANG_WARN_BLOCK_CAPTURE_AUTORELEASING = YES;
				CLANG_WARN_BOOL_CONVERSION = YES;
				CLANG_WARN_COMMA = YES;
				CLANG_WARN_CONSTANT_CONVERSION = YES;
				CLANG_WARN_DEPRECATED_OBJC_IMPLEMENTATIONS = YES;
				CLANG_WARN_DIRECT_OBJC_ISA_USAGE = YES_ERROR;
				CLANG_WARN_DOCUMENTATION_COMMENTS = YES;
				CLANG_WARN_EMPTY_BODY = YES;
				CLANG_WARN_ENUM_CONVERSION = YES;
				CLANG_WARN_INFINITE_RECURSION = YES;
				CLANG_WARN_INT_CONVERSION = YES;
				CLANG_WARN_NON_LITERAL_NULL_CONVERSION = YES;
				CLANG_WARN_OBJC_IMPLICIT_RETAIN_SELF = YES;
				CLANG_WARN_OBJC_LITERAL_CONVERSION = YES;
				CLANG_WARN_OBJC_ROOT_CLASS = YES_ERROR;
				CLANG_WARN_RANGE_LOOP_ANALYSIS = YES;
				CLANG_WARN_STRICT_PROTOTYPES = YES;
				CLANG_WARN_SUSPICIOUS_MOVE = YES;
				CLANG_WARN_UNGUARDED_AVAILABILITY = YES_AGGRESSIVE;
				CLANG_WARN_UNREACHABLE_CODE = YES;
				CLANG_WARN__DUPLICATE_METHOD_MATCH = YES;
				CODE_SIGN_IDENTITY = "iPhone Developer";
				COPY_PHASE_STRIP = NO;
				DEBUG_INFORMATION_FORMAT = "dwarf-with-dsym";
				ENABLE_NS_ASSERTIONS = NO;
				ENABLE_STRICT_OBJC_MSGSEND = YES;
				GCC_C_LANGUAGE_STANDARD = gnu11;
				GCC_NO_COMMON_BLOCKS = YES;
				GCC_WARN_64_TO_32_BIT_CONVERSION = YES;
				GCC_WARN_ABOUT_RETURN_TYPE = YES_ERROR;
				GCC_WARN_UNDECLARED_SELECTOR = YES;
				GCC_WARN_UNINITIALIZED_AUTOS = YES_AGGRESSIVE;
				GCC_WARN_UNUSED_FUNCTION = YES;
				GCC_WARN_UNUSED_VARIABLE = YES;
				IPHONEOS_DEPLOYMENT_TARGET = 11.2;
				MTL_ENABLE_DEBUG_INFO = NO;
				SDKROOT = iphoneos;
				SWIFT_OPTIMIZATION_LEVEL = "-Owholemodule";
				VALIDATE_PRODUCT = YES;
			};
			name = Release;
		};
		B826D277203193C00037C83B /* Debug */ = {
			isa = XCBuildConfiguration;
			baseConfigurationReference = 7C459397432532A4912C6C32 /* Pods-FirebaseProj.debug.xcconfig */;
			buildSettings = {
				ASSETCATALOG_COMPILER_APPICON_NAME = AppIcon;
				CODE_SIGN_STYLE = Automatic;
				INFOPLIST_FILE = FirebaseProj/Info.plist;
				LD_RUNPATH_SEARCH_PATHS = "$(inherited) @executable_path/Frameworks";
				PRODUCT_BUNDLE_IDENTIFIER = com.LuyenMP.FirebaseProj;
				PRODUCT_NAME = "$(TARGET_NAME)";
				SWIFT_VERSION = 4.0;
				TARGETED_DEVICE_FAMILY = "1,2";
			};
			name = Debug;
		};
		B826D278203193C00037C83B /* Release */ = {
			isa = XCBuildConfiguration;
			baseConfigurationReference = CAE6852E0DB5A693FB1A0FF1 /* Pods-FirebaseProj.release.xcconfig */;
			buildSettings = {
				ASSETCATALOG_COMPILER_APPICON_NAME = AppIcon;
				CODE_SIGN_STYLE = Automatic;
				INFOPLIST_FILE = FirebaseProj/Info.plist;
				LD_RUNPATH_SEARCH_PATHS = "$(inherited) @executable_path/Frameworks";
				PRODUCT_BUNDLE_IDENTIFIER = com.LuyenMP.FirebaseProj;
				PRODUCT_NAME = "$(TARGET_NAME)";
				SWIFT_VERSION = 4.0;
				TARGETED_DEVICE_FAMILY = "1,2";
			};
			name = Release;
		};
		B826D27A203193C00037C83B /* Debug */ = {
			isa = XCBuildConfiguration;
			baseConfigurationReference = E8CE649EEC5866439BCE88A8 /* Pods-FirebaseProjTests.debug.xcconfig */;
			buildSettings = {
				ALWAYS_EMBED_SWIFT_STANDARD_LIBRARIES = YES;
				BUNDLE_LOADER = "$(TEST_HOST)";
				CODE_SIGN_STYLE = Automatic;
				INFOPLIST_FILE = FirebaseProjTests/Info.plist;
				LD_RUNPATH_SEARCH_PATHS = "$(inherited) @executable_path/Frameworks @loader_path/Frameworks";
				PRODUCT_BUNDLE_IDENTIFIER = hoangluyen.FirebaseProjTests;
				PRODUCT_NAME = "$(TARGET_NAME)";
				SWIFT_VERSION = 4.0;
				TARGETED_DEVICE_FAMILY = "1,2";
				TEST_HOST = "$(BUILT_PRODUCTS_DIR)/FirebaseProj.app/FirebaseProj";
			};
			name = Debug;
		};
		B826D27B203193C00037C83B /* Release */ = {
			isa = XCBuildConfiguration;
			baseConfigurationReference = F29F809729A332F410576990 /* Pods-FirebaseProjTests.release.xcconfig */;
			buildSettings = {
				ALWAYS_EMBED_SWIFT_STANDARD_LIBRARIES = YES;
				BUNDLE_LOADER = "$(TEST_HOST)";
				CODE_SIGN_STYLE = Automatic;
				INFOPLIST_FILE = FirebaseProjTests/Info.plist;
				LD_RUNPATH_SEARCH_PATHS = "$(inherited) @executable_path/Frameworks @loader_path/Frameworks";
				PRODUCT_BUNDLE_IDENTIFIER = hoangluyen.FirebaseProjTests;
				PRODUCT_NAME = "$(TARGET_NAME)";
				SWIFT_VERSION = 4.0;
				TARGETED_DEVICE_FAMILY = "1,2";
				TEST_HOST = "$(BUILT_PRODUCTS_DIR)/FirebaseProj.app/FirebaseProj";
			};
			name = Release;
		};
		B826D27D203193C00037C83B /* Debug */ = {
			isa = XCBuildConfiguration;
			baseConfigurationReference = 82C7D8B6D70E6E34871537EF /* Pods-FirebaseProjUITests.debug.xcconfig */;
			buildSettings = {
				ALWAYS_EMBED_SWIFT_STANDARD_LIBRARIES = YES;
				CODE_SIGN_STYLE = Automatic;
				INFOPLIST_FILE = FirebaseProjUITests/Info.plist;
				LD_RUNPATH_SEARCH_PATHS = "$(inherited) @executable_path/Frameworks @loader_path/Frameworks";
				PRODUCT_BUNDLE_IDENTIFIER = hoangluyen.FirebaseProjUITests;
				PRODUCT_NAME = "$(TARGET_NAME)";
				SWIFT_VERSION = 4.0;
				TARGETED_DEVICE_FAMILY = "1,2";
				TEST_TARGET_NAME = FirebaseProj;
			};
			name = Debug;
		};
		B826D27E203193C00037C83B /* Release */ = {
			isa = XCBuildConfiguration;
			baseConfigurationReference = CF649BC435B9734CD582D3DE /* Pods-FirebaseProjUITests.release.xcconfig */;
			buildSettings = {
				ALWAYS_EMBED_SWIFT_STANDARD_LIBRARIES = YES;
				CODE_SIGN_STYLE = Automatic;
				INFOPLIST_FILE = FirebaseProjUITests/Info.plist;
				LD_RUNPATH_SEARCH_PATHS = "$(inherited) @executable_path/Frameworks @loader_path/Frameworks";
				PRODUCT_BUNDLE_IDENTIFIER = hoangluyen.FirebaseProjUITests;
				PRODUCT_NAME = "$(TARGET_NAME)";
				SWIFT_VERSION = 4.0;
				TARGETED_DEVICE_FAMILY = "1,2";
				TEST_TARGET_NAME = FirebaseProj;
			};
			name = Release;
		};
/* End XCBuildConfiguration section */

/* Begin XCConfigurationList section */
		B826D249203193C00037C83B /* Build configuration list for PBXProject "FirebaseProj" */ = {
			isa = XCConfigurationList;
			buildConfigurations = (
				B826D274203193C00037C83B /* Debug */,
				B826D275203193C00037C83B /* Release */,
			);
			defaultConfigurationIsVisible = 0;
			defaultConfigurationName = Release;
		};
		B826D276203193C00037C83B /* Build configuration list for PBXNativeTarget "FirebaseProj" */ = {
			isa = XCConfigurationList;
			buildConfigurations = (
				B826D277203193C00037C83B /* Debug */,
				B826D278203193C00037C83B /* Release */,
			);
			defaultConfigurationIsVisible = 0;
			defaultConfigurationName = Release;
		};
		B826D279203193C00037C83B /* Build configuration list for PBXNativeTarget "FirebaseProjTests" */ = {
			isa = XCConfigurationList;
			buildConfigurations = (
				B826D27A203193C00037C83B /* Debug */,
				B826D27B203193C00037C83B /* Release */,
			);
			defaultConfigurationIsVisible = 0;
			defaultConfigurationName = Release;
		};
		B826D27C203193C00037C83B /* Build configuration list for PBXNativeTarget "FirebaseProjUITests" */ = {
			isa = XCConfigurationList;
			buildConfigurations = (
				B826D27D203193C00037C83B /* Debug */,
				B826D27E203193C00037C83B /* Release */,
			);
			defaultConfigurationIsVisible = 0;
			defaultConfigurationName = Release;
		};
/* End XCConfigurationList section */
	};
	rootObject = B826D246203193C00037C83B /* Project object */;
}
